
Microsoft Visual Studio Solution File, Format Version 12.00
# Visual Studio Version 16
VisualStudioVersion = 16.0.33027.164
MinimumVisualStudioVersion = 10.0.40219.1
Project("{FAE04EC0-301F-11D3-BF4B-00C04F79EFBC}") = "Problema11", "Problema11.csproj", "{59DFCE4A-4BC2-4EA8-9BEE-469AA40404F5}"
EndProject
Global
	GlobalSection(SolutionConfigurationPlatforms) = preSolution
		Debug|Any CPU = Debug|Any CPU
		Release|Any CPU = Release|Any CPU
	EndGlobalSection
	GlobalSection(ProjectConfigurationPlatforms) = postSolution
		{59DFCE4A-4BC2-4EA8-9BEE-469AA40404F5}.Debug|Any CPU.ActiveCfg = Debug|Any CPU
		{59DFCE4A-4BC2-4EA8-9BEE-469AA40404F5}.Debug|Any CPU.Build.0 = Debug|Any CPU
		{59DFCE4A-4BC2-4EA8-9BEE-469AA40404F5}.Release|Any CPU.ActiveCfg = Release|Any CPU
		{59DFCE4A-4BC2-4EA8-9BEE-469AA40404F5}.Release|Any CPU.Build.0 = Release|Any CPU
	EndGlobalSection
	GlobalSection(SolutionProperties) = preSolution
		HideSolutionNode = FALSE
	EndGlobalSection
	GlobalSection(ExtensibilityGlobals) = postSolution
		SolutionGuid = {EC18BC39-8741-4D7E-841E-D620DEC12375}
	EndGlobalSection
EndGlobal
